
Microsoft Visual Studio Solution File, Format Version 12.00
# Visual Studio Version 16
VisualStudioVersion = 16.0.30011.22
MinimumVisualStudioVersion = 10.0.40219.1
Project("{8BC9CEB8-8B4A-11D0-8D11-00A0C91BC942}") = "method_Jacobi", "method_Jacobi\method_Jacobi.vcxproj", "{C9A5FB61-6AF2-4B85-9A30-9755A02BA623}"
EndProject
Global
	GlobalSection(SolutionConfigurationPlatforms) = preSolution
		Debug|x64 = Debug|x64
		Debug|x86 = Debug|x86
		Release|x64 = Release|x64
		Release|x86 = Release|x86
	EndGlobalSection
	GlobalSection(ProjectConfigurationPlatforms) = postSolution
		{C9A5FB61-6AF2-4B85-9A30-9755A02BA623}.Debug|x64.ActiveCfg = Debug|x64
		{C9A5FB61-6AF2-4B85-9A30-9755A02BA623}.Debug|x64.Build.0 = Debug|x64
		{C9A5FB61-6AF2-4B85-9A30-9755A02BA623}.Debug|x86.ActiveCfg = Debug|Win32
		{C9A5FB61-6AF2-4B85-9A30-9755A02BA623}.Debug|x86.Build.0 = Debug|Win32
		{C9A5FB61-6AF2-4B85-9A30-9755A02BA623}.Release|x64.ActiveCfg = Release|x64
		{C9A5FB61-6AF2-4B85-9A30-9755A02BA623}.Release|x64.Build.0 = Release|x64
		{C9A5FB61-6AF2-4B85-9A30-9755A02BA623}.Release|x86.ActiveCfg = Release|Win32
		{C9A5FB61-6AF2-4B85-9A30-9755A02BA623}.Release|x86.Build.0 = Release|Win32
	EndGlobalSection
	GlobalSection(SolutionProperties) = preSolution
		HideSolutionNode = FALSE
	EndGlobalSection
	GlobalSection(ExtensibilityGlobals) = postSolution
		SolutionGuid = {76C35FB0-2014-45E4-B01D-9064A7295CF0}
	EndGlobalSection
EndGlobal
